
Microsoft Visual Studio Solution File, Format Version 11.00
# Visual Studio 2010
Project("{FAE04EC0-301F-11D3-BF4B-00C04F79EFBC}") = "findfile", "findfile.csproj", "{F416F2D3-7156-4566-9AC5-80851C0FE39E}"
EndProject
Project("{FAE04EC0-301F-11D3-BF4B-00C04F79EFBC}") = "FormsFilesFinder", "..\FormsFilesFinder\FormsFilesFinder.csproj", "{78C4E129-5893-4C66-9291-DD54B87126DF}"
EndProject
Global
	GlobalSection(SolutionConfigurationPlatforms) = preSolution
		Debug|x86 = Debug|x86
		Release|x86 = Release|x86
	EndGlobalSection
	GlobalSection(ProjectConfigurationPlatforms) = postSolution
		{F416F2D3-7156-4566-9AC5-80851C0FE39E}.Debug|x86.ActiveCfg = Debug|x86
		{F416F2D3-7156-4566-9AC5-80851C0FE39E}.Debug|x86.Build.0 = Debug|x86
		{F416F2D3-7156-4566-9AC5-80851C0FE39E}.Release|x86.ActiveCfg = Release|x86
		{F416F2D3-7156-4566-9AC5-80851C0FE39E}.Release|x86.Build.0 = Release|x86
		{78C4E129-5893-4C66-9291-DD54B87126DF}.Debug|x86.ActiveCfg = Debug|x86
		{78C4E129-5893-4C66-9291-DD54B87126DF}.Debug|x86.Build.0 = Debug|x86
		{78C4E129-5893-4C66-9291-DD54B87126DF}.Release|x86.ActiveCfg = Release|x86
		{78C4E129-5893-4C66-9291-DD54B87126DF}.Release|x86.Build.0 = Release|x86
	EndGlobalSection
	GlobalSection(SolutionProperties) = preSolution
		HideSolutionNode = FALSE
	EndGlobalSection
EndGlobal
